{
  "name": "dailyjob",
  "version": "1.0.0",
  "lockfileVersion": 2,
  "requires": true,
  "packages": {
    "": {
      "version": "1.0.0",
      "license": "ISC",
      "dependencies": {
        "@actions/github": "^4.0.0",
        "puppeteer": "^8.0.0"
      },
      "engines": {
        "node": ">= 6.0.0",
        "npm": ">= 3.0.0"
      }
    },
    "node_modules/_node-fetch@2.6.1@node-fetch": {
      "name": "node-fetch",
      "version": "2.6.1",
      "license": "MIT",
      "engines": {
        "node": "4.x || >=6.0.0"
      }
    },
    "node_modules/_puppeteer@8.0.0@puppeteer": {
      "name": "puppeteer",
      "version": "8.0.0",
      "hasInstallScript": true,
      "license": "Apache-2.0",
      "dependencies": {
        "debug": "^4.1.0",
        "devtools-protocol": "0.0.854822",
        "extract-zip": "^2.0.0",
        "https-proxy-agent": "^5.0.0",
        "node-fetch": "^2.6.1",
        "pkg-dir": "^4.2.0",
        "progress": "^2.0.1",
        "proxy-from-env": "^1.1.0",
        "rimraf": "^3.0.2",
        "tar-fs": "^2.0.0",
        "unbzip2-stream": "^1.3.3",
        "ws": "^7.2.3"
      },
      "engines": {
        "node": ">=10.18.1"
      }
    },
    "node_modules/_puppeteer@8.0.0@puppeteer/node_modules/debug": {
      "resolved": "node_modules/_debug@4.3.1@debug",
      "link": true
    },
    "node_modules/_puppeteer@8.0.0@puppeteer/node_modules/devtools-protocol": {
      "resolved": "node_modules/_devtools-protocol@0.0.854822@devtools-protocol",
      "link": true
    },
    "node_modules/_puppeteer@8.0.0@puppeteer/node_modules/extract-zip": {
      "resolved": "node_modules/_extract-zip@2.0.1@extract-zip",
      "link": true
    },
    "node_modules/_puppeteer@8.0.0@puppeteer/node_modules/https-proxy-agent": {
      "resolved": "node_modules/_https-proxy-agent@5.0.0@https-proxy-agent",
      "link": true
    },
    "node_modules/_puppeteer@8.0.0@puppeteer/node_modules/node-fetch": {
      "resolved": "node_modules/_node-fetch@2.6.1@node-fetch",
      "link": true
    },
    "node_modules/_puppeteer@8.0.0@puppeteer/node_modules/pkg-dir": {
      "resolved": "node_modules/_pkg-dir@4.2.0@pkg-dir",
      "link": true
    },
    "node_modules/_puppeteer@8.0.0@puppeteer/node_modules/progress": {
      "resolved": "node_modules/_progress@2.0.3@progress",
      "link": true
    },
    "node_modules/_puppeteer@8.0.0@puppeteer/node_modules/proxy-from-env": {
      "resolved": "node_modules/_proxy-from-env@1.1.0@proxy-from-env",
      "link": true
    },
    "node_modules/_puppeteer@8.0.0@puppeteer/node_modules/rimraf": {
      "resolved": "node_modules/_rimraf@3.0.2@rimraf",
      "link": true
    },
    "node_modules/_puppeteer@8.0.0@puppeteer/node_modules/tar-fs": {
      "resolved": "node_modules/_tar-fs@2.1.1@tar-fs",
      "link": true
    },
    "node_modules/_puppeteer@8.0.0@puppeteer/node_modules/unbzip2-stream": {
      "resolved": "node_modules/_unbzip2-stream@1.4.3@unbzip2-stream",
      "link": true
    },
    "node_modules/_puppeteer@8.0.0@puppeteer/node_modules/ws": {
      "resolved": "node_modules/_ws@7.4.4@ws",
      "link": true
    },
    "node_modules/@actions/github": {
      "version": "4.0.0",
      "resolved": "https://registry.npm.taobao.org/@actions/github/download/@actions/github-4.0.0.tgz",
      "integrity": "sha1-1SBIMVGiv10tyc0PIPmsOi5FiBY=",
      "dependencies": {
        "@actions/http-client": "^1.0.8",
        "@octokit/core": "^3.0.0",
        "@octokit/plugin-paginate-rest": "^2.2.3",
        "@octokit/plugin-rest-endpoint-methods": "^4.0.0"
      }
    },
    "node_modules/@actions/http-client": {
      "version": "1.0.9",
      "resolved": "https://registry.npm.taobao.org/@actions/http-client/download/@actions/http-client-1.0.9.tgz",
      "integrity": "sha1-rxlH0CAEPbxqO0xZGIkglcMP+1I=",
      "dependencies": {
        "tunnel": "0.0.6"
      }
    },
    "node_modules/@octokit/auth-token": {
      "version": "2.4.5",
      "resolved": "https://registry.npm.taobao.org/@octokit/auth-token/download/@octokit/auth-token-2.4.5.tgz",
      "integrity": "sha1-VozPuMtG82RB+sCUzjT3qHWxl/M=",
      "dependencies": {
        "@octokit/types": "^6.0.3"
      }
    },
    "node_modules/@octokit/core": {
      "version": "3.3.1",
      "resolved": "https://registry.npm.taobao.org/@octokit/core/download/@octokit/core-3.3.1.tgz",
      "integrity": "sha1-xrtroXGthKX0MIU6mIks/o+T2M0=",
      "dependencies": {
        "@octokit/auth-token": "^2.4.4",
        "@octokit/graphql": "^4.5.8",
        "@octokit/request": "^5.4.12",
        "@octokit/request-error": "^2.0.5",
        "@octokit/types": "^6.0.3",
        "before-after-hook": "^2.2.0",
        "universal-user-agent": "^6.0.0"
      }
    },
    "node_modules/@octokit/endpoint": {
      "version": "6.0.11",
      "resolved": "https://registry.npm.taobao.org/@octokit/endpoint/download/@octokit/endpoint-6.0.11.tgz",
      "integrity": "sha1-CCrcKuvKbc76H7OD9e+z7QgZSdE=",
      "dependencies": {
        "@octokit/types": "^6.0.3",
        "is-plain-object": "^5.0.0",
        "universal-user-agent": "^6.0.0"
      }
    },
    "node_modules/@octokit/graphql": {
      "version": "4.6.1",
      "resolved": "https://registry.npm.taobao.org/@octokit/graphql/download/@octokit/graphql-4.6.1.tgz",
      "integrity": "sha1-+XVIakbJS32+WKDKdRk17cfjLMk=",
      "dependencies": {
        "@octokit/request": "^5.3.0",
        "@octokit/types": "^6.0.3",
        "universal-user-agent": "^6.0.0"
      }
    },
    "node_modules/@octokit/openapi-types": {
      "version": "5.3.2",
      "resolved": "https://registry.npm.taobao.org/@octokit/openapi-types/download/@octokit/openapi-types-5.3.2.tgz",
      "integrity": "sha1-uKxDxcPQCu9ho0z3ROMVEQx43rQ="
    },
    "node_modules/@octokit/plugin-paginate-rest": {
      "version": "2.13.3",
      "resolved": "https://registry.npm.taobao.org/@octokit/plugin-paginate-rest/download/@octokit/plugin-paginate-rest-2.13.3.tgz",
      "integrity": "sha1-8PF5IjCAUQh2LYeQb7AtVzueBwo=",
      "dependencies": {
        "@octokit/types": "^6.11.0"
      },
      "peerDependencies": {
        "@octokit/core": ">=2"
      }
    },
    "node_modules/@octokit/plugin-rest-endpoint-methods": {
      "version": "4.13.5",
      "resolved": "https://registry.npm.taobao.org/@octokit/plugin-rest-endpoint-methods/download/@octokit/plugin-rest-endpoint-methods-4.13.5.tgz",
      "integrity": "sha1-rXYoW4L+Bfu0rfJ3SpyIfzU0qIA=",
      "dependencies": {
        "@octokit/types": "^6.12.2",
        "deprecation": "^2.3.1"
      },
      "peerDependencies": {
        "@octokit/core": ">=3"
      }
    },
    "node_modules/@octokit/request": {
      "version": "5.4.14",
      "resolved": "https://registry.npm.taobao.org/@octokit/request/download/@octokit/request-5.4.14.tgz",
      "integrity": "sha1-7F+W94MzuyrzkK+l/2bxFLBjvJY=",
      "dependencies": {
        "@octokit/endpoint": "^6.0.1",
        "@octokit/request-error": "^2.0.0",
        "@octokit/types": "^6.7.1",
        "deprecation": "^2.0.0",
        "is-plain-object": "^5.0.0",
        "node-fetch": "^2.6.1",
        "once": "^1.4.0",
        "universal-user-agent": "^6.0.0"
      }
    },
    "node_modules/@octokit/request-error": {
      "version": "2.0.5",
      "resolved": "https://registry.npm.taobao.org/@octokit/request-error/download/@octokit/request-error-2.0.5.tgz",
      "integrity": "sha1-csyR7chwKBrVg6QmGSVrOAxgAUM=",
      "dependencies": {
        "@octokit/types": "^6.0.3",
        "deprecation": "^2.0.0",
        "once": "^1.4.0"
      }
    },
    "node_modules/@octokit/types": {
      "version": "6.12.2",
      "resolved": "https://registry.npm.taobao.org/@octokit/types/download/@octokit/types-6.12.2.tgz",
      "integrity": "sha1-W0St0HmkeLjrJ9eM84TMR+RBE2I=",
      "dependencies": {
        "@octokit/openapi-types": "^5.3.2"
      }
    },
    "node_modules/before-after-hook": {
      "version": "2.2.0",
      "resolved": "https://registry.npm.taobao.org/before-after-hook/download/before-after-hook-2.2.0.tgz",
      "integrity": "sha1-CcQNkuk2xkd3qjhcTpuQT4FH6vA="
    },
    "node_modules/deprecation": {
      "version": "2.3.1",
      "resolved": "https://registry.npm.taobao.org/deprecation/download/deprecation-2.3.1.tgz",
      "integrity": "sha1-Y2jL20Cr8zc7UlrIfkomDDpwCRk="
    },
    "node_modules/is-plain-object": {
      "version": "5.0.0",
      "resolved": "https://registry.npm.taobao.org/is-plain-object/download/is-plain-object-5.0.0.tgz",
      "integrity": "sha1-RCf1CrNCnpAl6n1S6QQ6nvQVk0Q=",
      "engines": {
        "node": ">=0.10.0"
      }
    },
    "node_modules/node-fetch": {
      "resolved": "node_modules/_node-fetch@2.6.1@node-fetch",
      "link": true
    },
    "node_modules/once": {
      "resolved": "node_modules/_once@1.4.0@once",
      "link": true
    },
    "node_modules/puppeteer": {
      "resolved": "node_modules/_puppeteer@8.0.0@puppeteer",
      "link": true
    },
    "node_modules/tunnel": {
      "version": "0.0.6",
      "resolved": "https://registry.npm.taobao.org/tunnel/download/tunnel-0.0.6.tgz",
      "integrity": "sha1-cvExSzSlsZLbASMk3yzFh8pH+Sw=",
      "engines": {
        "node": ">=0.6.11 <=0.7.0 || >=0.7.3"
      }
    },
    "node_modules/universal-user-agent": {
      "version": "6.0.0",
      "resolved": "https://registry.npm.taobao.org/universal-user-agent/download/universal-user-agent-6.0.0.tgz",
      "integrity": "sha1-M4H4UDslHA2c0hvB3pOeyd9UgO4="
    }
  },
  "dependencies": {
    "_node-fetch@2.6.1@node-fetch": {
      "version": "npm:node-fetch@2.6.1"
    },
    "_puppeteer@8.0.0@puppeteer": {
      "version": "npm:puppeteer@8.0.0",
      "requires": {
        "debug": "^4.1.0",
        "devtools-protocol": "0.0.854822",
        "extract-zip": "^2.0.0",
        "https-proxy-agent": "^5.0.0",
        "node-fetch": "^2.6.1",
        "pkg-dir": "^4.2.0",
        "progress": "^2.0.1",
        "proxy-from-env": "^1.1.0",
        "rimraf": "^3.0.2",
        "tar-fs": "^2.0.0",
        "unbzip2-stream": "^1.3.3",
        "ws": "^7.2.3"
      },
      "dependencies": {
        "debug": {
          "version": "4.3.1"
        },
        "devtools-protocol": {
          "version": "0.0.854822"
        },
        "extract-zip": {
          "version": "2.0.1"
        },
        "https-proxy-agent": {
          "version": "5.0.0"
        },
        "node-fetch": {
          "version": "file:node_modules/_node-fetch@2.6.1@node-fetch"
        },
        "pkg-dir": {
          "version": "4.2.0"
        },
        "progress": {
          "version": "2.0.3"
        },
        "proxy-from-env": {
          "version": "1.1.0"
        },
        "rimraf": {
          "version": "3.0.2"
        },
        "tar-fs": {
          "version": "2.1.1"
        },
        "unbzip2-stream": {
          "version": "1.4.3"
        },
        "ws": {
          "version": "7.4.4"
        }
      }
    },
    "@actions/github": {
      "version": "4.0.0",
      "resolved": "https://registry.npm.taobao.org/@actions/github/download/@actions/github-4.0.0.tgz",
      "integrity": "sha1-1SBIMVGiv10tyc0PIPmsOi5FiBY=",
      "requires": {
        "@actions/http-client": "^1.0.8",
        "@octokit/core": "^3.0.0",
        "@octokit/plugin-paginate-rest": "^2.2.3",
        "@octokit/plugin-rest-endpoint-methods": "^4.0.0"
      }
    },
    "@actions/http-client": {
      "version": "1.0.9",
      "resolved": "https://registry.npm.taobao.org/@actions/http-client/download/@actions/http-client-1.0.9.tgz",
      "integrity": "sha1-rxlH0CAEPbxqO0xZGIkglcMP+1I=",
      "requires": {
        "tunnel": "0.0.6"
      }
    },
    "@octokit/auth-token": {
      "version": "2.4.5",
      "resolved": "https://registry.npm.taobao.org/@octokit/auth-token/download/@octokit/auth-token-2.4.5.tgz",
      "integrity": "sha1-VozPuMtG82RB+sCUzjT3qHWxl/M=",
      "requires": {
        "@octokit/types": "^6.0.3"
      }
    },
    "@octokit/core": {
      "version": "3.3.1",
      "resolved": "https://registry.npm.taobao.org/@octokit/core/download/@octokit/core-3.3.1.tgz",
      "integrity": "sha1-xrtroXGthKX0MIU6mIks/o+T2M0=",
      "requires": {
        "@octokit/auth-token": "^2.4.4",
        "@octokit/graphql": "^4.5.8",
        "@octokit/request": "^5.4.12",
        "@octokit/request-error": "^2.0.5",
        "@octokit/types": "^6.0.3",
        "before-after-hook": "^2.2.0",
        "universal-user-agent": "^6.0.0"
      }
    },
    "@octokit/endpoint": {
      "version": "6.0.11",
      "resolved": "https://registry.npm.taobao.org/@octokit/endpoint/download/@octokit/endpoint-6.0.11.tgz",
      "integrity": "sha1-CCrcKuvKbc76H7OD9e+z7QgZSdE=",
      "requires": {
        "@octokit/types": "^6.0.3",
        "is-plain-object": "^5.0.0",
        "universal-user-agent": "^6.0.0"
      }
    },
    "@octokit/graphql": {
      "version": "4.6.1",
      "resolved": "https://registry.npm.taobao.org/@octokit/graphql/download/@octokit/graphql-4.6.1.tgz",
      "integrity": "sha1-+XVIakbJS32+WKDKdRk17cfjLMk=",
      "requires": {
        "@octokit/request": "^5.3.0",
        "@octokit/types": "^6.0.3",
        "universal-user-agent": "^6.0.0"
      }
    },
    "@octokit/openapi-types": {
      "version": "5.3.2",
      "resolved": "https://registry.npm.taobao.org/@octokit/openapi-types/download/@octokit/openapi-types-5.3.2.tgz",
      "integrity": "sha1-uKxDxcPQCu9ho0z3ROMVEQx43rQ="
    },
    "@octokit/plugin-paginate-rest": {
      "version": "2.13.3",
      "resolved": "https://registry.npm.taobao.org/@octokit/plugin-paginate-rest/download/@octokit/plugin-paginate-rest-2.13.3.tgz",
      "integrity": "sha1-8PF5IjCAUQh2LYeQb7AtVzueBwo=",
      "requires": {
        "@octokit/types": "^6.11.0"
      }
    },
    "@octokit/plugin-rest-endpoint-methods": {
      "version": "4.13.5",
      "resolved": "https://registry.npm.taobao.org/@octokit/plugin-rest-endpoint-methods/download/@octokit/plugin-rest-endpoint-methods-4.13.5.tgz",
      "integrity": "sha1-rXYoW4L+Bfu0rfJ3SpyIfzU0qIA=",
      "requires": {
        "@octokit/types": "^6.12.2",
        "deprecation": "^2.3.1"
      }
    },
    "@octokit/request": {
      "version": "5.4.14",
      "resolved": "https://registry.npm.taobao.org/@octokit/request/download/@octokit/request-5.4.14.tgz",
      "integrity": "sha1-7F+W94MzuyrzkK+l/2bxFLBjvJY=",
      "requires": {
        "@octokit/endpoint": "^6.0.1",
        "@octokit/request-error": "^2.0.0",
        "@octokit/types": "^6.7.1",
        "deprecation": "^2.0.0",
        "is-plain-object": "^5.0.0",
        "node-fetch": "^2.6.1",
        "once": "^1.4.0",
        "universal-user-agent": "^6.0.0"
      }
    },
    "@octokit/request-error": {
      "version": "2.0.5",
      "resolved": "https://registry.npm.taobao.org/@octokit/request-error/download/@octokit/request-error-2.0.5.tgz",
      "integrity": "sha1-csyR7chwKBrVg6QmGSVrOAxgAUM=",
      "requires": {
        "@octokit/types": "^6.0.3",
        "deprecation": "^2.0.0",
        "once": "^1.4.0"
      }
    },
    "@octokit/types": {
      "version": "6.12.2",
      "resolved": "https://registry.npm.taobao.org/@octokit/types/download/@octokit/types-6.12.2.tgz",
      "integrity": "sha1-W0St0HmkeLjrJ9eM84TMR+RBE2I=",
      "requires": {
        "@octokit/openapi-types": "^5.3.2"
      }
    },
    "before-after-hook": {
      "version": "2.2.0",
      "resolved": "https://registry.npm.taobao.org/before-after-hook/download/before-after-hook-2.2.0.tgz",
      "integrity": "sha1-CcQNkuk2xkd3qjhcTpuQT4FH6vA="
    },
    "deprecation": {
      "version": "2.3.1",
      "resolved": "https://registry.npm.taobao.org/deprecation/download/deprecation-2.3.1.tgz",
      "integrity": "sha1-Y2jL20Cr8zc7UlrIfkomDDpwCRk="
    },
    "is-plain-object": {
      "version": "5.0.0",
      "resolved": "https://registry.npm.taobao.org/is-plain-object/download/is-plain-object-5.0.0.tgz",
      "integrity": "sha1-RCf1CrNCnpAl6n1S6QQ6nvQVk0Q="
    },
    "node-fetch": {
      "version": "file:node_modules/_node-fetch@2.6.1@node-fetch"
    },
    "once": {
      "version": "1.4.0"
    },
    "puppeteer": {
      "version": "file:node_modules/_puppeteer@8.0.0@puppeteer",
      "requires": {
        "debug": "^4.1.0",
        "devtools-protocol": "0.0.854822",
        "extract-zip": "^2.0.0",
        "https-proxy-agent": "^5.0.0",
        "node-fetch": "^2.6.1",
        "pkg-dir": "^4.2.0",
        "progress": "^2.0.1",
        "proxy-from-env": "^1.1.0",
        "rimraf": "^3.0.2",
        "tar-fs": "^2.0.0",
        "unbzip2-stream": "^1.3.3",
        "ws": "^7.2.3"
      },
      "dependencies": {
        "debug": {
          "version": "4.3.1"
        },
        "devtools-protocol": {
          "version": "0.0.854822"
        },
        "extract-zip": {
          "version": "2.0.1"
        },
        "https-proxy-agent": {
          "version": "5.0.0"
        },
        "node-fetch": {
          "version": "file:node_modules/_node-fetch@2.6.1@node-fetch"
        },
        "pkg-dir": {
          "version": "4.2.0"
        },
        "progress": {
          "version": "2.0.3"
        },
        "proxy-from-env": {
          "version": "1.1.0"
        },
        "rimraf": {
          "version": "3.0.2"
        },
        "tar-fs": {
          "version": "2.1.1"
        },
        "unbzip2-stream": {
          "version": "1.4.3"
        },
        "ws": {
          "version": "7.4.4"
        }
      }
    },
    "tunnel": {
      "version": "0.0.6",
      "resolved": "https://registry.npm.taobao.org/tunnel/download/tunnel-0.0.6.tgz",
      "integrity": "sha1-cvExSzSlsZLbASMk3yzFh8pH+Sw="
    },
    "universal-user-agent": {
      "version": "6.0.0",
      "resolved": "https://registry.npm.taobao.org/universal-user-agent/download/universal-user-agent-6.0.0.tgz",
      "integrity": "sha1-M4H4UDslHA2c0hvB3pOeyd9UgO4="
    }
  }
}
